PODS:
  - camera_avfoundation (0.0.1):
    - Flutter
  - Flutter (1.0.0)
  - torch_light (0.0.1):
    - Flutter

DEPENDENCIES:
  - camera_avfoundation (from `.symlinks/plugins/camera_avfoundation/ios`)
  - Flutter (from `Flutter`)
  - torch_light (from `.symlinks/plugins/torch_light/ios`)

EXTERNAL SOURCES:
  camera_avfoundation:
    :path: ".symlinks/plugins/camera_avfoundation/ios"
  Flutter:
    :path: Flutter
  torch_light:
    :path: ".symlinks/plugins/torch_light/ios"

SPEC CHECKSUMS:
  camera_avfoundation: 8b8d780bcfb6a4a02b0fbe2b4bd17b5b71946e68
  Flutter: f04841e97a9d0b0a8025694d0796dd46242b2854
  torch_light: 682062fa12102172fa38b6b14c106d93b060f83e

PODFILE CHECKSUM: 70d9d25280d0dd177a5f637cdb0f0b0b12c6a189

COCOAPODS: 1.14.2
